<?xml version="1.0" encoding="utf-8"?>
<Project ToolsVersion="4.0" xmlns="http://schemas.microsoft.com/developer/msbuild/2003">
  <ItemGroup>
    <Filter Include="Form Files">
      <UniqueIdentifier>{99349809-55BA-4b9d-BF79-8FDBB0286EB3}</UniqueIdentifier>
      <Extensions>ui</Extensions>
      <ParseFiles>false</ParseFiles>
    </Filter>
    <Filter Include="Form Files">
      <UniqueIdentifier>{99349809-55BA-4b9d-BF79-8FDBB0286EB3}</UniqueIdentifier>
      <Extensions>ui</Extensions>
      <ParseFiles>false</ParseFiles>
    </Filter>
    <Filter Include="Generated Files">
      <UniqueIdentifier>{71ED8ED8-ACB9-4CE9-BBE1-E00B30144E11}</UniqueIdentifier>
      <Extensions>cpp;c;cxx;moc;h;def;odl;idl;res;</Extensions>
    </Filter>
    <Filter Include="Generated Files">
      <UniqueIdentifier>{71ED8ED8-ACB9-4CE9-BBE1-E00B30144E11}</UniqueIdentifier>
      <Extensions>cpp;c;cxx;moc;h;def;odl;idl;res;</Extensions>
    </Filter>
    <Filter Include="Header Files">
      <UniqueIdentifier>{93995380-89BD-4b04-88EB-625FBE52EBFB}</UniqueIdentifier>
      <Extensions>h;hpp;hxx;hm;inl;inc;xsd</Extensions>
    </Filter>
    <Filter Include="Header Files">
      <UniqueIdentifier>{93995380-89BD-4b04-88EB-625FBE52EBFB}</UniqueIdentifier>
      <Extensions>h;hpp;hxx;hm;inl;inc;xsd</Extensions>
    </Filter>
    <Filter Include="Resource Files">
      <UniqueIdentifier>{D9D6E242-F8AF-46E4-B9FD-80ECBC20BA3E}</UniqueIdentifier>
      <Extensions>qrc;*</Extensions>
      <ParseFiles>false</ParseFiles>
    </Filter>
    <Filter Include="Resource Files">
      <UniqueIdentifier>{D9D6E242-F8AF-46E4-B9FD-80ECBC20BA3E}</UniqueIdentifier>
      <Extensions>qrc;*</Extensions>
      <ParseFiles>false</ParseFiles>
    </Filter>
    <Filter Include="Source Files">
      <UniqueIdentifier>{4FC737F1-C7A5-4376-A066-2A32D752A2FF}</UniqueIdentifier>
      <Extensions>cpp;c;cxx;def;odl;idl;hpj;bat;asm;asmx</Extensions>
    </Filter>
    <Filter Include="Source Files">
      <UniqueIdentifier>{4FC737F1-C7A5-4376-A066-2A32D752A2FF}</UniqueIdentifier>
      <Extensions>cpp;c;cxx;def;odl;idl;hpj;bat;asm;asmx</Extensions>
    </Filter>
    <Filter Include="Generated Files\Debug">
      <UniqueIdentifier>{b6e19ae8-00d3-4d36-ba4d-89c1e5796ab4}</UniqueIdentifier>
      <Extensions>cpp;moc</Extensions>
      <SourceControlFiles>False</SourceControlFiles>
    </Filter>
    <Filter Include="Generated Files\Release">
      <UniqueIdentifier>{2e0fe8e3-c523-4417-8df8-47d008326cc2}</UniqueIdentifier>
      <Extensions>cpp;moc</Extensions>
      <SourceControlFiles>False</SourceControlFiles>
    </Filter>
  </ItemGroup>
  <ItemGroup>
    <ClCompile Include="deaddradioactivedlg.cpp">
      <Filter>Source Files</Filter>
    </ClCompile>
    <ClCompile Include="deadduserdlg.cpp">
      <Filter>Source Files</Filter>
    </ClCompile>
    <ClCompile Include="dealermeventmodel.cpp">
      <Filter>Source Files</Filter>
    </ClCompile>
    <ClCompile Include="debottommenuwidget.cpp">
      <Filter>Source Files</Filter>
    </ClCompile>
    <ClCompile Include="dechanneltestmodel.cpp">
      <Filter>Source Files</Filter>
    </ClCompile>
    <ClCompile Include="decombobox.cpp">
      <Filter>Source Files</Filter>
    </ClCompile>
    <ClCompile Include="dedetectormodel.cpp">
      <Filter>Source Files</Filter>
    </ClCompile>
    <ClCompile Include="dedeviceselfcheckstate.cpp">
      <Filter>Source Files</Filter>
    </ClCompile>
    <ClCompile Include="deinitwidget.cpp">
      <Filter>Source Files</Filter>
    </ClCompile>
    <ClCompile Include="deinputdelegate.cpp">
      <Filter>Source Files</Filter>
    </ClCompile>
    <ClCompile Include="dekeyboradwidget.cpp">
      <Filter>Source Files</Filter>
    </ClCompile>
    <ClCompile Include="delogdatabase.cpp">
      <Filter>Source Files</Filter>
    </ClCompile>
    <ClCompile Include="delogger.cpp">
      <Filter>Source Files</Filter>
    </ClCompile>
    <ClCompile Include="deloginterface.cpp">
      <Filter>Source Files</Filter>
    </ClCompile>
    <ClCompile Include="deloginwidget.cpp">
      <Filter>Source Files</Filter>
    </ClCompile>
    <ClCompile Include="delogitem.cpp">
      <Filter>Source Files</Filter>
    </ClCompile>
    <ClCompile Include="delogowidget.cpp">
      <Filter>Source Files</Filter>
    </ClCompile>
    <ClCompile Include="demaintainstate.cpp">
      <Filter>Source Files</Filter>
    </ClCompile>
    <ClCompile Include="demangewidget.cpp">
      <Filter>Source Files</Filter>
    </ClCompile>
    <ClCompile Include="demenuwidget.cpp">
      <Filter>Source Files</Filter>
    </ClCompile>
    <ClCompile Include="demessagebox.cpp">
      <Filter>Source Files</Filter>
    </ClCompile>
    <ClCompile Include="demo.cpp">
      <Filter>Source Files</Filter>
    </ClCompile>
    <ClCompile Include="demodifyuserdlg.cpp">
      <Filter>Source Files</Filter>
    </ClCompile>
    <ClCompile Include="depropertyeditwidget.cpp">
      <Filter>Source Files</Filter>
    </ClCompile>
    <ClCompile Include="deradiationmmeasurestate.cpp">
      <Filter>Source Files</Filter>
    </ClCompile>
    <ClCompile Include="deradioactivitymodel.cpp">
      <Filter>Source Files</Filter>
    </ClCompile>
    <ClCompile Include="destatemachine.cpp">
      <Filter>Source Files</Filter>
    </ClCompile>
    <ClCompile Include="desystemconfigwidget.cpp">
      <Filter>Source Files</Filter>
    </ClCompile>
    <ClCompile Include="desystemtestwidget.cpp">
      <Filter>Source Files</Filter>
    </ClCompile>
    <ClCompile Include="detablemodel.cpp">
      <Filter>Source Files</Filter>
    </ClCompile>
    <ClCompile Include="detableview.cpp">
      <Filter>Source Files</Filter>
    </ClCompile>
    <ClCompile Include="detestdatamodel.cpp">
      <Filter>Source Files</Filter>
    </ClCompile>
    <ClCompile Include="detestinformodel.cpp">
      <Filter>Source Files</Filter>
    </ClCompile>
    <ClCompile Include="deuserlistmodel.cpp">
      <Filter>Source Files</Filter>
    </ClCompile>
    <ClCompile Include="devalueselectwidget.cpp">
      <Filter>Source Files</Filter>
    </ClCompile>
    <ClCompile Include="devirtualkeyboradwidget.cpp">
      <Filter>Source Files</Filter>
    </ClCompile>
    <ClCompile Include="main.cpp">
      <Filter>Source Files</Filter>
    </ClCompile>
    <ClCompile Include="GeneratedFiles\Debug\moc_deaddradioactivedlg.cpp">
      <Filter>Generated Files\Debug</Filter>
    </ClCompile>
    <ClCompile Include="GeneratedFiles\Release\moc_deaddradioactivedlg.cpp">
      <Filter>Generated Files\Release</Filter>
    </ClCompile>
    <ClCompile Include="GeneratedFiles\Debug\moc_deadduserdlg.cpp">
      <Filter>Generated Files\Debug</Filter>
    </ClCompile>
    <ClCompile Include="GeneratedFiles\Release\moc_deadduserdlg.cpp">
      <Filter>Generated Files\Release</Filter>
    </ClCompile>
    <ClCompile Include="GeneratedFiles\Debug\moc_dealermeventmodel.cpp">
      <Filter>Generated Files\Debug</Filter>
    </ClCompile>
    <ClCompile Include="GeneratedFiles\Release\moc_dealermeventmodel.cpp">
      <Filter>Generated Files\Release</Filter>
    </ClCompile>
    <ClCompile Include="GeneratedFiles\Debug\moc_debottommenuwidget.cpp">
      <Filter>Generated Files\Debug</Filter>
    </ClCompile>
    <ClCompile Include="GeneratedFiles\Release\moc_debottommenuwidget.cpp">
      <Filter>Generated Files\Release</Filter>
    </ClCompile>
    <ClCompile Include="GeneratedFiles\Debug\moc_dechanneltestmodel.cpp">
      <Filter>Generated Files\Debug</Filter>
    </ClCompile>
    <ClCompile Include="GeneratedFiles\Release\moc_dechanneltestmodel.cpp">
      <Filter>Generated Files\Release</Filter>
    </ClCompile>
    <ClCompile Include="GeneratedFiles\Debug\moc_decombobox.cpp">
      <Filter>Generated Files\Debug</Filter>
    </ClCompile>
    <ClCompile Include="GeneratedFiles\Release\moc_decombobox.cpp">
      <Filter>Generated Files\Release</Filter>
    </ClCompile>
    <ClCompile Include="GeneratedFiles\Debug\moc_dedetectormodel.cpp">
      <Filter>Generated Files\Debug</Filter>
    </ClCompile>
    <ClCompile Include="GeneratedFiles\Release\moc_dedetectormodel.cpp">
      <Filter>Generated Files\Release</Filter>
    </ClCompile>
    <ClCompile Include="GeneratedFiles\Debug\moc_dedeviceselfcheckstate.cpp">
      <Filter>Generated Files\Debug</Filter>
    </ClCompile>
    <ClCompile Include="GeneratedFiles\Release\moc_dedeviceselfcheckstate.cpp">
      <Filter>Generated Files\Release</Filter>
    </ClCompile>
    <ClCompile Include="GeneratedFiles\Debug\moc_deinitwidget.cpp">
      <Filter>Generated Files\Debug</Filter>
    </ClCompile>
    <ClCompile Include="GeneratedFiles\Release\moc_deinitwidget.cpp">
      <Filter>Generated Files\Release</Filter>
    </ClCompile>
    <ClCompile Include="GeneratedFiles\Debug\moc_deinputdelegate.cpp">
      <Filter>Generated Files\Debug</Filter>
    </ClCompile>
    <ClCompile Include="GeneratedFiles\Release\moc_deinputdelegate.cpp">
      <Filter>Generated Files\Release</Filter>
    </ClCompile>
    <ClCompile Include="GeneratedFiles\Debug\moc_dekeyboradwidget.cpp">
      <Filter>Generated Files\Debug</Filter>
    </ClCompile>
    <ClCompile Include="GeneratedFiles\Release\moc_dekeyboradwidget.cpp">
      <Filter>Generated Files\Release</Filter>
    </ClCompile>
    <ClCompile Include="GeneratedFiles\Debug\moc_deloginwidget.cpp">
      <Filter>Generated Files\Debug</Filter>
    </ClCompile>
    <ClCompile Include="GeneratedFiles\Release\moc_deloginwidget.cpp">
      <Filter>Generated Files\Release</Filter>
    </ClCompile>
    <ClCompile Include="GeneratedFiles\Debug\moc_delogowidget.cpp">
      <Filter>Generated Files\Debug</Filter>
    </ClCompile>
    <ClCompile Include="GeneratedFiles\Release\moc_delogowidget.cpp">
      <Filter>Generated Files\Release</Filter>
    </ClCompile>
    <ClCompile Include="GeneratedFiles\Debug\moc_demaintainstate.cpp">
      <Filter>Generated Files\Debug</Filter>
    </ClCompile>
    <ClCompile Include="GeneratedFiles\Release\moc_demaintainstate.cpp">
      <Filter>Generated Files\Release</Filter>
    </ClCompile>
    <ClCompile Include="GeneratedFiles\Debug\moc_demangewidget.cpp">
      <Filter>Generated Files\Debug</Filter>
    </ClCompile>
    <ClCompile Include="GeneratedFiles\Release\moc_demangewidget.cpp">
      <Filter>Generated Files\Release</Filter>
    </ClCompile>
    <ClCompile Include="GeneratedFiles\Debug\moc_demenuwidget.cpp">
      <Filter>Generated Files\Debug</Filter>
    </ClCompile>
    <ClCompile Include="GeneratedFiles\Release\moc_demenuwidget.cpp">
      <Filter>Generated Files\Release</Filter>
    </ClCompile>
    <ClCompile Include="GeneratedFiles\Debug\moc_demessagebox.cpp">
      <Filter>Generated Files\Debug</Filter>
    </ClCompile>
    <ClCompile Include="GeneratedFiles\Release\moc_demessagebox.cpp">
      <Filter>Generated Files\Release</Filter>
    </ClCompile>
    <ClCompile Include="GeneratedFiles\Debug\moc_demo.cpp">
      <Filter>Generated Files\Debug</Filter>
    </ClCompile>
    <ClCompile Include="GeneratedFiles\Release\moc_demo.cpp">
      <Filter>Generated Files\Release</Filter>
    </ClCompile>
    <ClCompile Include="GeneratedFiles\Debug\moc_demodifyuserdlg.cpp">
      <Filter>Generated Files\Debug</Filter>
    </ClCompile>
    <ClCompile Include="GeneratedFiles\Release\moc_demodifyuserdlg.cpp">
      <Filter>Generated Files\Release</Filter>
    </ClCompile>
    <ClCompile Include="GeneratedFiles\Debug\moc_depropertyeditwidget.cpp">
      <Filter>Generated Files\Debug</Filter>
    </ClCompile>
    <ClCompile Include="GeneratedFiles\Release\moc_depropertyeditwidget.cpp">
      <Filter>Generated Files\Release</Filter>
    </ClCompile>
    <ClCompile Include="GeneratedFiles\Debug\moc_deradiationmmeasurestate.cpp">
      <Filter>Generated Files\Debug</Filter>
    </ClCompile>
    <ClCompile Include="GeneratedFiles\Release\moc_deradiationmmeasurestate.cpp">
      <Filter>Generated Files\Release</Filter>
    </ClCompile>
    <ClCompile Include="GeneratedFiles\Debug\moc_deradioactivitymodel.cpp">
      <Filter>Generated Files\Debug</Filter>
    </ClCompile>
    <ClCompile Include="GeneratedFiles\Release\moc_deradioactivitymodel.cpp">
      <Filter>Generated Files\Release</Filter>
    </ClCompile>
    <ClCompile Include="GeneratedFiles\Debug\moc_destatemachine.cpp">
      <Filter>Generated Files\Debug</Filter>
    </ClCompile>
    <ClCompile Include="GeneratedFiles\Release\moc_destatemachine.cpp">
      <Filter>Generated Files\Release</Filter>
    </ClCompile>
    <ClCompile Include="GeneratedFiles\Debug\moc_desystemconfigwidget.cpp">
      <Filter>Generated Files\Debug</Filter>
    </ClCompile>
    <ClCompile Include="GeneratedFiles\Release\moc_desystemconfigwidget.cpp">
      <Filter>Generated Files\Release</Filter>
    </ClCompile>
    <ClCompile Include="GeneratedFiles\Debug\moc_desystemtestwidget.cpp">
      <Filter>Generated Files\Debug</Filter>
    </ClCompile>
    <ClCompile Include="GeneratedFiles\Release\moc_desystemtestwidget.cpp">
      <Filter>Generated Files\Release</Filter>
    </ClCompile>
    <ClCompile Include="GeneratedFiles\Debug\moc_detablemodel.cpp">
      <Filter>Generated Files\Debug</Filter>
    </ClCompile>
    <ClCompile Include="GeneratedFiles\Release\moc_detablemodel.cpp">
      <Filter>Generated Files\Release</Filter>
    </ClCompile>
    <ClCompile Include="GeneratedFiles\Debug\moc_detableview.cpp">
      <Filter>Generated Files\Debug</Filter>
    </ClCompile>
    <ClCompile Include="GeneratedFiles\Release\moc_detableview.cpp">
      <Filter>Generated Files\Release</Filter>
    </ClCompile>
    <ClCompile Include="GeneratedFiles\Debug\moc_detestdatamodel.cpp">
      <Filter>Generated Files\Debug</Filter>
    </ClCompile>
    <ClCompile Include="GeneratedFiles\Release\moc_detestdatamodel.cpp">
      <Filter>Generated Files\Release</Filter>
    </ClCompile>
    <ClCompile Include="GeneratedFiles\Debug\moc_detestinformodel.cpp">
      <Filter>Generated Files\Debug</Filter>
    </ClCompile>
    <ClCompile Include="GeneratedFiles\Release\moc_detestinformodel.cpp">
      <Filter>Generated Files\Release</Filter>
    </ClCompile>
    <ClCompile Include="GeneratedFiles\Debug\moc_deuserlistmodel.cpp">
      <Filter>Generated Files\Debug</Filter>
    </ClCompile>
    <ClCompile Include="GeneratedFiles\Release\moc_deuserlistmodel.cpp">
      <Filter>Generated Files\Release</Filter>
    </ClCompile>
    <ClCompile Include="GeneratedFiles\Debug\moc_devirtualkeyboradwidget.cpp">
      <Filter>Generated Files\Debug</Filter>
    </ClCompile>
    <ClCompile Include="GeneratedFiles\Release\moc_devirtualkeyboradwidget.cpp">
      <Filter>Generated Files\Release</Filter>
    </ClCompile>
    <ClCompile Include="GeneratedFiles\qrc_demo.cpp">
      <Filter>Generated Files</Filter>
    </ClCompile>
  </ItemGroup>
  <ItemGroup>
    <ClInclude Include="Demo.aps">
      <Filter>Header Files</Filter>
    </ClInclude>
    <CustomBuild Include="deaddradioactivedlg.h">
      <Filter>Header Files</Filter>
    </CustomBuild>
    <CustomBuild Include="deadduserdlg.h">
      <Filter>Header Files</Filter>
    </CustomBuild>
    <CustomBuild Include="dealermeventmodel.h">
      <Filter>Header Files</Filter>
    </CustomBuild>
    <CustomBuild Include="debottommenuwidget.h">
      <Filter>Header Files</Filter>
    </CustomBuild>
    <CustomBuild Include="dechanneltestmodel.h">
      <Filter>Header Files</Filter>
    </CustomBuild>
    <CustomBuild Include="decombobox.h">
      <Filter>Header Files</Filter>
    </CustomBuild>
    <CustomBuild Include="dedetectormodel.h">
      <Filter>Header Files</Filter>
    </CustomBuild>
    <CustomBuild Include="dedeviceselfcheckstate.h">
      <Filter>Header Files</Filter>
    </CustomBuild>
    <CustomBuild Include="deinitwidget.h">
      <Filter>Header Files</Filter>
    </CustomBuild>
    <CustomBuild Include="deinputdelegate.h">
      <Filter>Header Files</Filter>
    </CustomBuild>
    <CustomBuild Include="dekeyboradwidget.h">
      <Filter>Header Files</Filter>
    </CustomBuild>
    <ClInclude Include="delogdatabase.h">
      <Filter>Header Files</Filter>
    </ClInclude>
    <ClInclude Include="delogger.h">
      <Filter>Header Files</Filter>
    </ClInclude>
    <ClInclude Include="deloginterface.h">
      <Filter>Header Files</Filter>
    </ClInclude>
    <CustomBuild Include="deloginwidget.h">
      <Filter>Header Files</Filter>
    </CustomBuild>
    <ClInclude Include="delogitem.h">
      <Filter>Header Files</Filter>
    </ClInclude>
    <CustomBuild Include="delogowidget.h">
      <Filter>Header Files</Filter>
    </CustomBuild>
    <CustomBuild Include="demaintainstate.h">
      <Filter>Header Files</Filter>
    </CustomBuild>
    <CustomBuild Include="demangewidget.h">
      <Filter>Header Files</Filter>
    </CustomBuild>
    <CustomBuild Include="demenuwidget.h">
      <Filter>Header Files</Filter>
    </CustomBuild>
    <CustomBuild Include="demessagebox.h">
      <Filter>Header Files</Filter>
    </CustomBuild>
    <CustomBuild Include="demo.h">
      <Filter>Header Files</Filter>
    </CustomBuild>
    <CustomBuild Include="demodifyuserdlg.h">
      <Filter>Header Files</Filter>
    </CustomBuild>
    <CustomBuild Include="depropertyeditwidget.h">
      <Filter>Header Files</Filter>
    </CustomBuild>
    <CustomBuild Include="deradiationmmeasurestate.h">
      <Filter>Header Files</Filter>
    </CustomBuild>
    <CustomBuild Include="deradioactivitymodel.h">
      <Filter>Header Files</Filter>
    </CustomBuild>
    <CustomBuild Include="destatemachine.h">
      <Filter>Header Files</Filter>
    </CustomBuild>
    <CustomBuild Include="desystemconfigwidget.h">
      <Filter>Header Files</Filter>
    </CustomBuild>
    <CustomBuild Include="desystemtestwidget.h">
      <Filter>Header Files</Filter>
    </CustomBuild>
    <CustomBuild Include="detablemodel.h">
      <Filter>Header Files</Filter>
    </CustomBuild>
    <CustomBuild Include="detableview.h">
      <Filter>Header Files</Filter>
    </CustomBuild>
    <CustomBuild Include="detestdatamodel.h">
      <Filter>Header Files</Filter>
    </CustomBuild>
    <CustomBuild Include="detestinformodel.h">
      <Filter>Header Files</Filter>
    </CustomBuild>
    <CustomBuild Include="deuserlistmodel.h">
      <Filter>Header Files</Filter>
    </CustomBuild>
    <CustomBuild Include="devalueselectwidget.h">
      <Filter>Header Files</Filter>
    </CustomBuild>
    <CustomBuild Include="devirtualkeyboradwidget.h">
      <Filter>Header Files</Filter>
    </CustomBuild>
    <ClInclude Include="GeneratedFiles\ui_deaddradioactivedlg.h">
      <Filter>Generated Files</Filter>
    </ClInclude>
    <ClInclude Include="GeneratedFiles\ui_deadduserdlg.h">
      <Filter>Generated Files</Filter>
    </ClInclude>
    <ClInclude Include="GeneratedFiles\ui_debottommenuwidget.h">
      <Filter>Generated Files</Filter>
    </ClInclude>
    <ClInclude Include="GeneratedFiles\ui_decombobox.h">
      <Filter>Generated Files</Filter>
    </ClInclude>
    <ClInclude Include="GeneratedFiles\ui_deinitwidget.h">
      <Filter>Generated Files</Filter>
    </ClInclude>
    <ClInclude Include="GeneratedFiles\ui_dekeyboradwidget.h">
      <Filter>Generated Files</Filter>
    </ClInclude>
    <ClInclude Include="GeneratedFiles\ui_deloginwidget.h">
      <Filter>Generated Files</Filter>
    </ClInclude>
    <ClInclude Include="GeneratedFiles\ui_delogowidget.h">
      <Filter>Generated Files</Filter>
    </ClInclude>
    <ClInclude Include="GeneratedFiles\ui_demangewidget.h">
      <Filter>Generated Files</Filter>
    </ClInclude>
    <ClInclude Include="GeneratedFiles\ui_demenuwidget.h">
      <Filter>Generated Files</Filter>
    </ClInclude>
    <ClInclude Include="GeneratedFiles\ui_demo.h">
      <Filter>Generated Files</Filter>
    </ClInclude>
    <ClInclude Include="GeneratedFiles\ui_demodifyuserdlg.h">
      <Filter>Generated Files</Filter>
    </ClInclude>
    <ClInclude Include="GeneratedFiles\ui_depropertyeditwidget.h">
      <Filter>Generated Files</Filter>
    </ClInclude>
    <ClInclude Include="GeneratedFiles\ui_desystemconfigwidget.h">
      <Filter>Generated Files</Filter>
    </ClInclude>
    <ClInclude Include="GeneratedFiles\ui_desystemtestwidget.h">
      <Filter>Generated Files</Filter>
    </ClInclude>
    <ClInclude Include="GeneratedFiles\ui_detableview.h">
      <Filter>Generated Files</Filter>
    </ClInclude>
    <ClInclude Include="GeneratedFiles\ui_devalueselectwidget.h">
      <Filter>Generated Files</Filter>
    </ClInclude>
    <ClInclude Include="GeneratedFiles\ui_devirtualkeyboradwidget.h">
      <Filter>Generated Files</Filter>
    </ClInclude>
  </ItemGroup>
  <ItemGroup>
    <ClCompile Include="GeneratedFiles\debug\moc_devalueselectwidget.cpp">
      <Filter>Generated Files</Filter>
    </ClCompile>
    <ClCompile Include="GeneratedFiles\release\moc_devalueselectwidget.cpp">
      <Filter>Generated Files</Filter>
    </ClCompile>
  </ItemGroup>
  <ItemGroup>
    <CustomBuild Include="deaddradioactivedlg.ui">
      <Filter>Form Files</Filter>
    </CustomBuild>
    <CustomBuild Include="deadduserdlg.ui">
      <Filter>Form Files</Filter>
    </CustomBuild>
    <CustomBuild Include="debottommenuwidget.ui">
      <Filter>Form Files</Filter>
    </CustomBuild>
    <CustomBuild Include="decombobox.ui">
      <Filter>Form Files</Filter>
    </CustomBuild>
    <CustomBuild Include="deinitwidget.ui">
      <Filter>Form Files</Filter>
    </CustomBuild>
    <CustomBuild Include="dekeyboradwidget.ui">
      <Filter>Form Files</Filter>
    </CustomBuild>
    <CustomBuild Include="deloginwidget.ui">
      <Filter>Form Files</Filter>
    </CustomBuild>
    <CustomBuild Include="delogowidget.ui">
      <Filter>Form Files</Filter>
    </CustomBuild>
    <CustomBuild Include="demangewidget.ui">
      <Filter>Form Files</Filter>
    </CustomBuild>
    <CustomBuild Include="demenuwidget.ui">
      <Filter>Form Files</Filter>
    </CustomBuild>
    <CustomBuild Include="demo.ui">
      <Filter>Form Files</Filter>
    </CustomBuild>
    <CustomBuild Include="demodifyuserdlg.ui">
      <Filter>Form Files</Filter>
    </CustomBuild>
    <CustomBuild Include="depropertyeditwidget.ui">
      <Filter>Form Files</Filter>
    </CustomBuild>
    <CustomBuild Include="desystemconfigwidget.ui">
      <Filter>Form Files</Filter>
    </CustomBuild>
    <CustomBuild Include="desystemtestwidget.ui">
      <Filter>Form Files</Filter>
    </CustomBuild>
    <CustomBuild Include="detableview.ui">
      <Filter>Form Files</Filter>
    </CustomBuild>
    <CustomBuild Include="devalueselectwidget.ui">
      <Filter>Form Files</Filter>
    </CustomBuild>
    <CustomBuild Include="devirtualkeyboradwidget.ui">
      <Filter>Form Files</Filter>
    </CustomBuild>
  </ItemGroup>
  <ItemGroup>
    <CustomBuild Include="demo.qrc">
      <Filter>Resource Files</Filter>
    </CustomBuild>
    <None Include="demo_en.qm">
      <Filter>Resource Files</Filter>
    </None>
    <None Include="demo_zh.qm">
      <Filter>Resource Files</Filter>
    </None>
    <None Include="Resources\gongnengxuanze-shezhi-weixuanzhong.png">
      <Filter>Resource Files</Filter>
    </None>
    <None Include="Resources\gongnengxuanze-shezhi-xuanzhong.png">
      <Filter>Resource Files</Filter>
    </None>
    <None Include="Resources\gongnengyuanze-guanli-weixuanzhong.png">
      <Filter>Resource Files</Filter>
    </None>
    <None Include="Resources\gongnengyuanze-guanli-xuanzhong.png">
      <Filter>Resource Files</Filter>
    </None>
    <None Include="Resources\gongnengyuanze-rizhi-weixuanzhong.png">
      <Filter>Resource Files</Filter>
    </None>
    <None Include="Resources\gongnengyuanze-rizhi-xuanzhong.png">
      <Filter>Resource Files</Filter>
    </None>
    <None Include="Resources\gongnengyuanze-tuichu.png">
      <Filter>Resource Files</Filter>
    </None>
    <None Include="Resources\gongnengyuanze-xitongceshi-weixuanzhong.png">
      <Filter>Resource Files</Filter>
    </None>
    <None Include="Resources\gongnengyuanze-xitongceshi-xuanzhong.png">
      <Filter>Resource Files</Filter>
    </None>
    <None Include="Resources\guanliyemian-chakan.png">
      <Filter>Resource Files</Filter>
    </None>
    <None Include="Resources\guanliyemian-daochu.png">
      <Filter>Resource Files</Filter>
    </None>
    <None Include="Resources\guanliyemian-fangsheyuanriqi.png">
      <Filter>Resource Files</Filter>
    </None>
    <None Include="Resources\guanliyemian-shanchu.png">
      <Filter>Resource Files</Filter>
    </None>
    <None Include="Resources\guanliyemian-tianjia.png">
      <Filter>Resource Files</Filter>
    </None>
    <None Include="Resources\guanliyemian-wenjianriqi.png">
      <Filter>Resource Files</Filter>
    </None>
    <None Include="Resources\guanliyemian-xiugai.png">
      <Filter>Resource Files</Filter>
    </None>
    <None Include="Resources\jianceyemian-jiao-left-bendijiance.gif">
      <Filter>Resource Files</Filter>
    </None>
    <None Include="Resources\jianceyemian-jiao-left-guzhang.png">
      <Filter>Resource Files</Filter>
    </None>
    <None Include="Resources\jianceyemian-jiao-left-jiancezhong.gif">
      <Filter>Resource Files</Filter>
    </None>
    <None Include="Resources\jianceyemian-jiao-left-jiuwei.png">
      <Filter>Resource Files</Filter>
    </None>
    <None Include="Resources\jianceyemian-jiao-left-wuran.png">
      <Filter>Resource Files</Filter>
    </None>
    <None Include="Resources\jianceyemian-jiao-left-wuwuran.png">
      <Filter>Resource Files</Filter>
    </None>
    <None Include="Resources\jianceyemian-jiao-left-zhunbeijiuxu.png">
      <Filter>Resource Files</Filter>
    </None>
    <None Include="Resources\jianceyemian-jiao-left-zijian.png">
      <Filter>Resource Files</Filter>
    </None>
    <None Include="Resources\jianceyemian-jiao-right-bendijiance.gif">
      <Filter>Resource Files</Filter>
    </None>
    <None Include="Resources\jianceyemian-jiao-right-guzhang.png">
      <Filter>Resource Files</Filter>
    </None>
    <None Include="Resources\jianceyemian-jiao-right-jiancezhong.gif">
      <Filter>Resource Files</Filter>
    </None>
    <None Include="Resources\jianceyemian-jiao-right-jiuwei.png">
      <Filter>Resource Files</Filter>
    </None>
    <None Include="Resources\jianceyemian-jiao-right-wuran.png">
      <Filter>Resource Files</Filter>
    </None>
    <None Include="Resources\jianceyemian-jiao-right-wuwuran.png">
      <Filter>Resource Files</Filter>
    </None>
    <None Include="Resources\jianceyemian-jiao-right-zhunbeijiuxu.png">
      <Filter>Resource Files</Filter>
    </None>
    <None Include="Resources\jianceyemian-jiao-right-zijian.png">
      <Filter>Resource Files</Filter>
    </None>
    <None Include="Resources\jianceyemian-left-bendijiance.gif">
      <Filter>Resource Files</Filter>
    </None>
    <None Include="Resources\jianceyemian-left-jiancezhong.gif">
      <Filter>Resource Files</Filter>
    </None>
    <None Include="Resources\jianceyemian-right-bendijiance.gif">
      <Filter>Resource Files</Filter>
    </None>
    <None Include="Resources\jianceyemian-right-jiancezhong.gif">
      <Filter>Resource Files</Filter>
    </None>
    <None Include="Resources\jianceyemian-shou-left-guzhang.png">
      <Filter>Resource Files</Filter>
    </None>
    <None Include="Resources\jianceyemian-shou-left-jiuwei.png">
      <Filter>Resource Files</Filter>
    </None>
    <None Include="Resources\jianceyemian-shou-left-wuran.png">
      <Filter>Resource Files</Filter>
    </None>
    <None Include="Resources\jianceyemian-shou-left-wuwuran.png">
      <Filter>Resource Files</Filter>
    </None>
    <None Include="Resources\jianceyemian-shou-left-zhunbeijiuxu.png">
      <Filter>Resource Files</Filter>
    </None>
    <None Include="Resources\jianceyemian-shou-left-zijian.png">
      <Filter>Resource Files</Filter>
    </None>
    <None Include="Resources\jianceyemian-shou-right-guzhang.png">
      <Filter>Resource Files</Filter>
    </None>
    <None Include="Resources\jianceyemian-shou-right-jiuwei.png">
      <Filter>Resource Files</Filter>
    </None>
    <None Include="Resources\jianceyemian-shou-right-wuran.png">
      <Filter>Resource Files</Filter>
    </None>
    <None Include="Resources\jianceyemian-shou-right-wuwuran.png">
      <Filter>Resource Files</Filter>
    </None>
    <None Include="Resources\jianceyemian-shou-right-zhunbeijiuxu.png">
      <Filter>Resource Files</Filter>
    </None>
    <None Include="Resources\jianceyemian-shou-right-zijian.png">
      <Filter>Resource Files</Filter>
    </None>
    <None Include="Resources\jianceyemian-teshu-jiancezhong.gif">
      <Filter>Resource Files</Filter>
    </None>
    <None Include="Resources\jianceyemian-teshu-wuran.png">
      <Filter>Resource Files</Filter>
    </None>
    <None Include="Resources\jianceyemian-teshu-wuwuran.png">
      <Filter>Resource Files</Filter>
    </None>
    <None Include="Resources\logo.png">
      <Filter>Resource Files</Filter>
    </None>
    <None Include="Resources\xitongceshi-jiaobuyali-yichang.png">
      <Filter>Resource Files</Filter>
    </None>
    <None Include="Resources\xitongceshi-jiaobuyali-zhengchang.png">
      <Filter>Resource Files</Filter>
    </None>
    <None Include="Resources\xitongceshi-jiaobuyali.png">
      <Filter>Resource Files</Filter>
    </None>
    <None Include="Resources\xitongceshi-jinxingzhong.gif">
      <Filter>Resource Files</Filter>
    </None>
    <None Include="Resources\xitongceshi-renyuanjiejin-yichang.png">
      <Filter>Resource Files</Filter>
    </None>
    <None Include="Resources\xitongceshi-renyuanjiejin-zhengchang.png">
      <Filter>Resource Files</Filter>
    </None>
    <None Include="Resources\xitongceshi-renyuanjiejin.png">
      <Filter>Resource Files</Filter>
    </None>
    <None Include="Resources\xitongceshi-youshouduisheshihongwai-yichang.png">
      <Filter>Resource Files</Filter>
    </None>
    <None Include="Resources\xitongceshi-youshouduisheshihongwai-zhengchang.png">
      <Filter>Resource Files</Filter>
    </None>
    <None Include="Resources\xitongceshi-youshouduisheshihongwai.png">
      <Filter>Resource Files</Filter>
    </None>
    <None Include="Resources\xitongceshi-youshoutanceqi-yichang.png">
      <Filter>Resource Files</Filter>
    </None>
    <None Include="Resources\xitongceshi-youshoutanceqi-zhengchang.png">
      <Filter>Resource Files</Filter>
    </None>
    <None Include="Resources\xitongceshi-youshoutanceqi.png">
      <Filter>Resource Files</Filter>
    </None>
    <None Include="Resources\xitongceshi-zuoshouduisheshihongwai-yichang.png">
      <Filter>Resource Files</Filter>
    </None>
    <None Include="Resources\xitongceshi-zuoshouduisheshihongwai-zhengchang.png">
      <Filter>Resource Files</Filter>
    </None>
    <None Include="Resources\xitongceshi-zuoshouduisheshihongwai.png">
      <Filter>Resource Files</Filter>
    </None>
    <None Include="Resources\xitongshezhi-youjiao-wuran.png">
      <Filter>Resource Files</Filter>
    </None>
    <None Include="Resources\xitongshezhi-youjiao-wuwuran.png">
      <Filter>Resource Files</Filter>
    </None>
    <None Include="Resources\xitongshezhi-youshou-shoubeiwuran.png">
      <Filter>Resource Files</Filter>
    </None>
    <None Include="Resources\xitongshezhi-youshou-shouxinwuran.png">
      <Filter>Resource Files</Filter>
    </None>
    <None Include="Resources\xitongshezhi-youshou-shuangmianwuran.png">
      <Filter>Resource Files</Filter>
    </None>
    <None Include="Resources\xitongshezhi-youshou-wuwuran.png">
      <Filter>Resource Files</Filter>
    </None>
    <None Include="Resources\xitongshezhi-zuojiao-wuran.png">
      <Filter>Resource Files</Filter>
    </None>
    <None Include="Resources\xitongshezhi-zuojiao-wuwuran.png">
      <Filter>Resource Files</Filter>
    </None>
    <None Include="Resources\xitongshezhi-zuoshou-shoubeiwuran.png">
      <Filter>Resource Files</Filter>
    </None>
    <None Include="Resources\xitongshezhi-zuoshou-shouxinwuran.png">
      <Filter>Resource Files</Filter>
    </None>
    <None Include="Resources\xitongshezhi-zuoshou-shuangmianwuran.png">
      <Filter>Resource Files</Filter>
    </None>
    <None Include="Resources\xitongshezhi-zuoshou-wuwuran.png">
      <Filter>Resource Files</Filter>
    </None>
  </ItemGroup>
  <ItemGroup>
    <None Include="demo_en.ts">
      <Filter>Resource Files</Filter>
    </None>
    <None Include="demo_zh.ts">
      <Filter>Resource Files</Filter>
    </None>
  </ItemGroup>
</Project>