<?xml version="1.0" encoding="utf-8"?>
<Project ToolsVersion="4.0" xmlns="http://schemas.microsoft.com/developer/msbuild/2003">
  <ItemGroup>
    <Filter Include="Form Files">
      <UniqueIdentifier>{99349809-55BA-4b9d-BF79-8FDBB0286EB3}</UniqueIdentifier>
      <Extensions>ui</Extensions>
      <ParseFiles>false</ParseFiles>
    </Filter>
    <Filter Include="Form Files">
      <UniqueIdentifier>{99349809-55BA-4b9d-BF79-8FDBB0286EB3}</UniqueIdentifier>
      <Extensions>ui</Extensions>
      <ParseFiles>false</ParseFiles>
    </Filter>
    <Filter Include="Generated Files">
      <UniqueIdentifier>{71ED8ED8-ACB9-4CE9-BBE1-E00B30144E11}</UniqueIdentifier>
      <Extensions>cpp;c;cxx;moc;h;def;odl;idl;res;</Extensions>
    </Filter>
    <Filter Include="Generated Files">
      <UniqueIdentifier>{71ED8ED8-ACB9-4CE9-BBE1-E00B30144E11}</UniqueIdentifier>
      <Extensions>cpp;c;cxx;moc;h;def;odl;idl;res;</Extensions>
    </Filter>
    <Filter Include="Header Files">
      <UniqueIdentifier>{93995380-89BD-4b04-88EB-625FBE52EBFB}</UniqueIdentifier>
      <Extensions>h;hpp;hxx;hm;inl;inc;xsd</Extensions>
    </Filter>
    <Filter Include="Header Files">
      <UniqueIdentifier>{93995380-89BD-4b04-88EB-625FBE52EBFB}</UniqueIdentifier>
      <Extensions>h;hpp;hxx;hm;inl;inc;xsd</Extensions>
    </Filter>
    <Filter Include="Resource Files">
      <UniqueIdentifier>{D9D6E242-F8AF-46E4-B9FD-80ECBC20BA3E}</UniqueIdentifier>
      <Extensions>qrc;*</Extensions>
      <ParseFiles>false</ParseFiles>
    </Filter>
    <Filter Include="Resource Files">
      <UniqueIdentifier>{D9D6E242-F8AF-46E4-B9FD-80ECBC20BA3E}</UniqueIdentifier>
      <Extensions>qrc;*</Extensions>
      <ParseFiles>false</ParseFiles>
    </Filter>
    <Filter Include="Source Files">
      <UniqueIdentifier>{4FC737F1-C7A5-4376-A066-2A32D752A2FF}</UniqueIdentifier>
      <Extensions>cpp;c;cxx;def;odl;idl;hpj;bat;asm;asmx</Extensions>
    </Filter>
    <Filter Include="Source Files">
      <UniqueIdentifier>{4FC737F1-C7A5-4376-A066-2A32D752A2FF}</UniqueIdentifier>
      <Extensions>cpp;c;cxx;def;odl;idl;hpj;bat;asm;asmx</Extensions>
    </Filter>
    <Filter Include="Generated Files\Debug">
      <UniqueIdentifier>{009bd65f-f781-408d-aa73-b89f8fd06b4b}</UniqueIdentifier>
      <Extensions>cpp;moc</Extensions>
      <SourceControlFiles>False</SourceControlFiles>
    </Filter>
    <Filter Include="Generated Files\Release">
      <UniqueIdentifier>{4e7e34b6-14cb-4eb9-99d8-aaaef9e544df}</UniqueIdentifier>
      <Extensions>cpp;moc</Extensions>
      <SourceControlFiles>False</SourceControlFiles>
    </Filter>
  </ItemGroup>
  <ItemGroup>
    <ClCompile Include="deaddradioactivedlg.cpp">
      <Filter>Source Files</Filter>
    </ClCompile>
    <ClCompile Include="deadduserdlg.cpp">
      <Filter>Source Files</Filter>
    </ClCompile>
    <ClCompile Include="dealermeventmodel.cpp">
      <Filter>Source Files</Filter>
    </ClCompile>
    <ClCompile Include="debottommenuwidget.cpp">
      <Filter>Source Files</Filter>
    </ClCompile>
    <ClCompile Include="dechanneltestmodel.cpp">
      <Filter>Source Files</Filter>
    </ClCompile>
    <ClCompile Include="decombobox.cpp">
      <Filter>Source Files</Filter>
    </ClCompile>
    <ClCompile Include="dedeviceselfcheckstate.cpp">
      <Filter>Source Files</Filter>
    </ClCompile>
    <ClCompile Include="deinitwidget.cpp">
      <Filter>Source Files</Filter>
    </ClCompile>
    <ClCompile Include="delogdatabase.cpp">
      <Filter>Source Files</Filter>
    </ClCompile>
    <ClCompile Include="delogger.cpp">
      <Filter>Source Files</Filter>
    </ClCompile>
    <ClCompile Include="deloginterface.cpp">
      <Filter>Source Files</Filter>
    </ClCompile>
    <ClCompile Include="deloginwidget.cpp">
      <Filter>Source Files</Filter>
    </ClCompile>
    <ClCompile Include="delogitem.cpp">
      <Filter>Source Files</Filter>
    </ClCompile>
    <ClCompile Include="demaintainstate.cpp">
      <Filter>Source Files</Filter>
    </ClCompile>
    <ClCompile Include="demangewidget.cpp">
      <Filter>Source Files</Filter>
    </ClCompile>
    <ClCompile Include="demenuwidget.cpp">
      <Filter>Source Files</Filter>
    </ClCompile>
    <ClCompile Include="demessagebox.cpp">
      <Filter>Source Files</Filter>
    </ClCompile>
    <ClCompile Include="demo.cpp">
      <Filter>Source Files</Filter>
    </ClCompile>
    <ClCompile Include="demodifyuserdlg.cpp">
      <Filter>Source Files</Filter>
    </ClCompile>
    <ClCompile Include="depropertyeditwidget.cpp">
      <Filter>Source Files</Filter>
    </ClCompile>
    <ClCompile Include="deradiationmmeasurestate.cpp">
      <Filter>Source Files</Filter>
    </ClCompile>
    <ClCompile Include="deradioactivitymodel.cpp">
      <Filter>Source Files</Filter>
    </ClCompile>
    <ClCompile Include="destatemachine.cpp">
      <Filter>Source Files</Filter>
    </ClCompile>
    <ClCompile Include="desystemconfigwidget.cpp">
      <Filter>Source Files</Filter>
    </ClCompile>
    <ClCompile Include="desystemtestwidget.cpp">
      <Filter>Source Files</Filter>
    </ClCompile>
    <ClCompile Include="detablemodel.cpp">
      <Filter>Source Files</Filter>
    </ClCompile>
    <ClCompile Include="detableview.cpp">
      <Filter>Source Files</Filter>
    </ClCompile>
    <ClCompile Include="detestdatamodel.cpp">
      <Filter>Source Files</Filter>
    </ClCompile>
    <ClCompile Include="detestinformodel.cpp">
      <Filter>Source Files</Filter>
    </ClCompile>
    <ClCompile Include="deuserlistmodel.cpp">
      <Filter>Source Files</Filter>
    </ClCompile>
    <ClCompile Include="devirtualkeyboradwidget.cpp">
      <Filter>Source Files</Filter>
    </ClCompile>
    <ClCompile Include="main.cpp">
      <Filter>Source Files</Filter>
    </ClCompile>
    <ClCompile Include="GeneratedFiles\Debug\moc_deaddradioactivedlg.cpp">
      <Filter>Generated Files\Debug</Filter>
    </ClCompile>
    <ClCompile Include="GeneratedFiles\Release\moc_deaddradioactivedlg.cpp">
      <Filter>Generated Files\Release</Filter>
    </ClCompile>
    <ClCompile Include="GeneratedFiles\Debug\moc_deadduserdlg.cpp">
      <Filter>Generated Files\Debug</Filter>
    </ClCompile>
    <ClCompile Include="GeneratedFiles\Release\moc_deadduserdlg.cpp">
      <Filter>Generated Files\Release</Filter>
    </ClCompile>
    <ClCompile Include="GeneratedFiles\Debug\moc_dealermeventmodel.cpp">
      <Filter>Generated Files\Debug</Filter>
    </ClCompile>
    <ClCompile Include="GeneratedFiles\Release\moc_dealermeventmodel.cpp">
      <Filter>Generated Files\Release</Filter>
    </ClCompile>
    <ClCompile Include="GeneratedFiles\Debug\moc_debottommenuwidget.cpp">
      <Filter>Generated Files\Debug</Filter>
    </ClCompile>
    <ClCompile Include="GeneratedFiles\Release\moc_debottommenuwidget.cpp">
      <Filter>Generated Files\Release</Filter>
    </ClCompile>
    <ClCompile Include="GeneratedFiles\Debug\moc_dechanneltestmodel.cpp">
      <Filter>Generated Files\Debug</Filter>
    </ClCompile>
    <ClCompile Include="GeneratedFiles\Release\moc_dechanneltestmodel.cpp">
      <Filter>Generated Files\Release</Filter>
    </ClCompile>
    <ClCompile Include="GeneratedFiles\Debug\moc_decombobox.cpp">
      <Filter>Generated Files\Debug</Filter>
    </ClCompile>
    <ClCompile Include="GeneratedFiles\Release\moc_decombobox.cpp">
      <Filter>Generated Files\Release</Filter>
    </ClCompile>
    <ClCompile Include="GeneratedFiles\Debug\moc_dedeviceselfcheckstate.cpp">
      <Filter>Generated Files\Debug</Filter>
    </ClCompile>
    <ClCompile Include="GeneratedFiles\Release\moc_dedeviceselfcheckstate.cpp">
      <Filter>Generated Files\Release</Filter>
    </ClCompile>
    <ClCompile Include="GeneratedFiles\Debug\moc_deinitwidget.cpp">
      <Filter>Generated Files\Debug</Filter>
    </ClCompile>
    <ClCompile Include="GeneratedFiles\Release\moc_deinitwidget.cpp">
      <Filter>Generated Files\Release</Filter>
    </ClCompile>
    <ClCompile Include="GeneratedFiles\Debug\moc_deloginwidget.cpp">
      <Filter>Generated Files\Debug</Filter>
    </ClCompile>
    <ClCompile Include="GeneratedFiles\Release\moc_deloginwidget.cpp">
      <Filter>Generated Files\Release</Filter>
    </ClCompile>
    <ClCompile Include="GeneratedFiles\Debug\moc_demaintainstate.cpp">
      <Filter>Generated Files\Debug</Filter>
    </ClCompile>
    <ClCompile Include="GeneratedFiles\Release\moc_demaintainstate.cpp">
      <Filter>Generated Files\Release</Filter>
    </ClCompile>
    <ClCompile Include="GeneratedFiles\Debug\moc_demangewidget.cpp">
      <Filter>Generated Files\Debug</Filter>
    </ClCompile>
    <ClCompile Include="GeneratedFiles\Release\moc_demangewidget.cpp">
      <Filter>Generated Files\Release</Filter>
    </ClCompile>
    <ClCompile Include="GeneratedFiles\Debug\moc_demenuwidget.cpp">
      <Filter>Generated Files\Debug</Filter>
    </ClCompile>
    <ClCompile Include="GeneratedFiles\Release\moc_demenuwidget.cpp">
      <Filter>Generated Files\Release</Filter>
    </ClCompile>
    <ClCompile Include="GeneratedFiles\Debug\moc_demessagebox.cpp">
      <Filter>Generated Files\Debug</Filter>
    </ClCompile>
    <ClCompile Include="GeneratedFiles\Release\moc_demessagebox.cpp">
      <Filter>Generated Files\Release</Filter>
    </ClCompile>
    <ClCompile Include="GeneratedFiles\Debug\moc_demo.cpp">
      <Filter>Generated Files\Debug</Filter>
    </ClCompile>
    <ClCompile Include="GeneratedFiles\Release\moc_demo.cpp">
      <Filter>Generated Files\Release</Filter>
    </ClCompile>
    <ClCompile Include="GeneratedFiles\Debug\moc_demodifyuserdlg.cpp">
      <Filter>Generated Files\Debug</Filter>
    </ClCompile>
    <ClCompile Include="GeneratedFiles\Release\moc_demodifyuserdlg.cpp">
      <Filter>Generated Files\Release</Filter>
    </ClCompile>
    <ClCompile Include="GeneratedFiles\Debug\moc_depropertyeditwidget.cpp">
      <Filter>Generated Files\Debug</Filter>
    </ClCompile>
    <ClCompile Include="GeneratedFiles\Release\moc_depropertyeditwidget.cpp">
      <Filter>Generated Files\Release</Filter>
    </ClCompile>
    <ClCompile Include="GeneratedFiles\Debug\moc_deradiationmmeasurestate.cpp">
      <Filter>Generated Files\Debug</Filter>
    </ClCompile>
    <ClCompile Include="GeneratedFiles\Release\moc_deradiationmmeasurestate.cpp">
      <Filter>Generated Files\Release</Filter>
    </ClCompile>
    <ClCompile Include="GeneratedFiles\Debug\moc_deradioactivitymodel.cpp">
      <Filter>Generated Files\Debug</Filter>
    </ClCompile>
    <ClCompile Include="GeneratedFiles\Release\moc_deradioactivitymodel.cpp">
      <Filter>Generated Files\Release</Filter>
    </ClCompile>
    <ClCompile Include="GeneratedFiles\Debug\moc_destatemachine.cpp">
      <Filter>Generated Files\Debug</Filter>
    </ClCompile>
    <ClCompile Include="GeneratedFiles\Release\moc_destatemachine.cpp">
      <Filter>Generated Files\Release</Filter>
    </ClCompile>
    <ClCompile Include="GeneratedFiles\Debug\moc_desystemconfigwidget.cpp">
      <Filter>Generated Files\Debug</Filter>
    </ClCompile>
    <ClCompile Include="GeneratedFiles\Release\moc_desystemconfigwidget.cpp">
      <Filter>Generated Files\Release</Filter>
    </ClCompile>
    <ClCompile Include="GeneratedFiles\Debug\moc_desystemtestwidget.cpp">
      <Filter>Generated Files\Debug</Filter>
    </ClCompile>
    <ClCompile Include="GeneratedFiles\Release\moc_desystemtestwidget.cpp">
      <Filter>Generated Files\Release</Filter>
    </ClCompile>
    <ClCompile Include="GeneratedFiles\Debug\moc_detablemodel.cpp">
      <Filter>Generated Files\Debug</Filter>
    </ClCompile>
    <ClCompile Include="GeneratedFiles\Release\moc_detablemodel.cpp">
      <Filter>Generated Files\Release</Filter>
    </ClCompile>
    <ClCompile Include="GeneratedFiles\Debug\moc_detableview.cpp">
      <Filter>Generated Files\Debug</Filter>
    </ClCompile>
    <ClCompile Include="GeneratedFiles\Release\moc_detableview.cpp">
      <Filter>Generated Files\Release</Filter>
    </ClCompile>
    <ClCompile Include="GeneratedFiles\Debug\moc_detestdatamodel.cpp">
      <Filter>Generated Files\Debug</Filter>
    </ClCompile>
    <ClCompile Include="GeneratedFiles\Release\moc_detestdatamodel.cpp">
      <Filter>Generated Files\Release</Filter>
    </ClCompile>
    <ClCompile Include="GeneratedFiles\Debug\moc_detestinformodel.cpp">
      <Filter>Generated Files\Debug</Filter>
    </ClCompile>
    <ClCompile Include="GeneratedFiles\Release\moc_detestinformodel.cpp">
      <Filter>Generated Files\Release</Filter>
    </ClCompile>
    <ClCompile Include="GeneratedFiles\Debug\moc_deuserlistmodel.cpp">
      <Filter>Generated Files\Debug</Filter>
    </ClCompile>
    <ClCompile Include="GeneratedFiles\Release\moc_deuserlistmodel.cpp">
      <Filter>Generated Files\Release</Filter>
    </ClCompile>
    <ClCompile Include="GeneratedFiles\Debug\moc_devirtualkeyboradwidget.cpp">
      <Filter>Generated Files\Debug</Filter>
    </ClCompile>
    <ClCompile Include="GeneratedFiles\Release\moc_devirtualkeyboradwidget.cpp">
      <Filter>Generated Files\Release</Filter>
    </ClCompile>
    <ClCompile Include="GeneratedFiles\qrc_demo.cpp">
      <Filter>Generated Files</Filter>
    </ClCompile>
  </ItemGroup>
  <ItemGroup>
    <ClInclude Include="Demo.aps">
      <Filter>Header Files</Filter>
    </ClInclude>
    <CustomBuild Include="deaddradioactivedlg.h">
      <Filter>Header Files</Filter>
    </CustomBuild>
    <CustomBuild Include="deadduserdlg.h">
      <Filter>Header Files</Filter>
    </CustomBuild>
    <CustomBuild Include="dealermeventmodel.h">
      <Filter>Header Files</Filter>
    </CustomBuild>
    <CustomBuild Include="debottommenuwidget.h">
      <Filter>Header Files</Filter>
    </CustomBuild>
    <CustomBuild Include="dechanneltestmodel.h">
      <Filter>Header Files</Filter>
    </CustomBuild>
    <CustomBuild Include="decombobox.h">
      <Filter>Header Files</Filter>
    </CustomBuild>
    <CustomBuild Include="dedeviceselfcheckstate.h">
      <Filter>Header Files</Filter>
    </CustomBuild>
    <CustomBuild Include="deinitwidget.h">
      <Filter>Header Files</Filter>
    </CustomBuild>
    <ClInclude Include="delogdatabase.h">
      <Filter>Header Files</Filter>
    </ClInclude>
    <ClInclude Include="delogger.h">
      <Filter>Header Files</Filter>
    </ClInclude>
    <ClInclude Include="deloginterface.h">
      <Filter>Header Files</Filter>
    </ClInclude>
    <CustomBuild Include="deloginwidget.h">
      <Filter>Header Files</Filter>
    </CustomBuild>
    <ClInclude Include="delogitem.h">
      <Filter>Header Files</Filter>
    </ClInclude>
    <CustomBuild Include="demaintainstate.h">
      <Filter>Header Files</Filter>
    </CustomBuild>
    <CustomBuild Include="demangewidget.h">
      <Filter>Header Files</Filter>
    </CustomBuild>
    <CustomBuild Include="demenuwidget.h">
      <Filter>Header Files</Filter>
    </CustomBuild>
    <CustomBuild Include="demessagebox.h">
      <Filter>Header Files</Filter>
    </CustomBuild>
    <CustomBuild Include="demo.h">
      <Filter>Header Files</Filter>
    </CustomBuild>
    <CustomBuild Include="demodifyuserdlg.h">
      <Filter>Header Files</Filter>
    </CustomBuild>
    <CustomBuild Include="depropertyeditwidget.h">
      <Filter>Header Files</Filter>
    </CustomBuild>
    <CustomBuild Include="deradiationmmeasurestate.h">
      <Filter>Header Files</Filter>
    </CustomBuild>
    <CustomBuild Include="deradioactivitymodel.h">
      <Filter>Header Files</Filter>
    </CustomBuild>
    <CustomBuild Include="destatemachine.h">
      <Filter>Header Files</Filter>
    </CustomBuild>
    <CustomBuild Include="desystemconfigwidget.h">
      <Filter>Header Files</Filter>
    </CustomBuild>
    <CustomBuild Include="desystemtestwidget.h">
      <Filter>Header Files</Filter>
    </CustomBuild>
    <CustomBuild Include="detablemodel.h">
      <Filter>Header Files</Filter>
    </CustomBuild>
    <CustomBuild Include="detableview.h">
      <Filter>Header Files</Filter>
    </CustomBuild>
    <CustomBuild Include="detestdatamodel.h">
      <Filter>Header Files</Filter>
    </CustomBuild>
    <CustomBuild Include="detestinformodel.h">
      <Filter>Header Files</Filter>
    </CustomBuild>
    <CustomBuild Include="deuserlistmodel.h">
      <Filter>Header Files</Filter>
    </CustomBuild>
    <CustomBuild Include="devirtualkeyboradwidget.h">
      <Filter>Header Files</Filter>
    </CustomBuild>
    <ClInclude Include="GeneratedFiles\ui_deaddradioactivedlg.h">
      <Filter>Generated Files</Filter>
    </ClInclude>
    <ClInclude Include="GeneratedFiles\ui_deadduserdlg.h">
      <Filter>Generated Files</Filter>
    </ClInclude>
    <ClInclude Include="GeneratedFiles\ui_debottommenuwidget.h">
      <Filter>Generated Files</Filter>
    </ClInclude>
    <ClInclude Include="GeneratedFiles\ui_decombobox.h">
      <Filter>Generated Files</Filter>
    </ClInclude>
    <ClInclude Include="GeneratedFiles\ui_deinitwidget.h">
      <Filter>Generated Files</Filter>
    </ClInclude>
    <ClInclude Include="GeneratedFiles\ui_deloginwidget.h">
      <Filter>Generated Files</Filter>
    </ClInclude>
    <ClInclude Include="GeneratedFiles\ui_demangewidget.h">
      <Filter>Generated Files</Filter>
    </ClInclude>
    <ClInclude Include="GeneratedFiles\ui_demenuwidget.h">
      <Filter>Generated Files</Filter>
    </ClInclude>
    <ClInclude Include="GeneratedFiles\ui_demo.h">
      <Filter>Generated Files</Filter>
    </ClInclude>
    <ClInclude Include="GeneratedFiles\ui_demodifyuserdlg.h">
      <Filter>Generated Files</Filter>
    </ClInclude>
    <ClInclude Include="GeneratedFiles\ui_depropertyeditwidget.h">
      <Filter>Generated Files</Filter>
    </ClInclude>
    <ClInclude Include="GeneratedFiles\ui_desystemconfigwidget.h">
      <Filter>Generated Files</Filter>
    </ClInclude>
    <ClInclude Include="GeneratedFiles\ui_desystemtestwidget.h">
      <Filter>Generated Files</Filter>
    </ClInclude>
    <ClInclude Include="GeneratedFiles\ui_detableview.h">
      <Filter>Generated Files</Filter>
    </ClInclude>
    <ClInclude Include="GeneratedFiles\ui_devirtualkeyboradwidget.h">
      <Filter>Generated Files</Filter>
    </ClInclude>
  </ItemGroup>
  <ItemGroup>
    <CustomBuild Include="deaddradioactivedlg.ui">
      <Filter>Form Files</Filter>
    </CustomBuild>
    <CustomBuild Include="deadduserdlg.ui">
      <Filter>Form Files</Filter>
    </CustomBuild>
    <CustomBuild Include="debottommenuwidget.ui">
      <Filter>Form Files</Filter>
    </CustomBuild>
    <CustomBuild Include="decombobox.ui">
      <Filter>Form Files</Filter>
    </CustomBuild>
    <CustomBuild Include="deinitwidget.ui">
      <Filter>Form Files</Filter>
    </CustomBuild>
    <CustomBuild Include="deloginwidget.ui">
      <Filter>Form Files</Filter>
    </CustomBuild>
    <CustomBuild Include="demangewidget.ui">
      <Filter>Form Files</Filter>
    </CustomBuild>
    <CustomBuild Include="demenuwidget.ui">
      <Filter>Form Files</Filter>
    </CustomBuild>
    <CustomBuild Include="demo.ui">
      <Filter>Form Files</Filter>
    </CustomBuild>
    <CustomBuild Include="demodifyuserdlg.ui">
      <Filter>Form Files</Filter>
    </CustomBuild>
    <CustomBuild Include="depropertyeditwidget.ui">
      <Filter>Form Files</Filter>
    </CustomBuild>
    <CustomBuild Include="desystemconfigwidget.ui">
      <Filter>Form Files</Filter>
    </CustomBuild>
    <CustomBuild Include="desystemtestwidget.ui">
      <Filter>Form Files</Filter>
    </CustomBuild>
    <CustomBuild Include="detableview.ui">
      <Filter>Form Files</Filter>
    </CustomBuild>
    <CustomBuild Include="devirtualkeyboradwidget.ui">
      <Filter>Form Files</Filter>
    </CustomBuild>
  </ItemGroup>
  <ItemGroup>
    <None Include="Resources\back.jpg">
      <Filter>Resource Files</Filter>
    </None>
    <CustomBuild Include="demo.qrc">
      <Filter>Resource Files</Filter>
    </CustomBuild>
    <None Include="demo_en.qm">
      <Filter>Resource Files</Filter>
    </None>
    <None Include="demo_zh.qm">
      <Filter>Resource Files</Filter>
    </None>
    <None Include="Resources\key.jpg">
      <Filter>Resource Files</Filter>
    </None>
    <None Include="Resources\lFoot.png">
      <Filter>Resource Files</Filter>
    </None>
    <None Include="Resources\leftHand.jpg">
      <Filter>Resource Files</Filter>
    </None>
    <None Include="Resources\rFoot.png">
      <Filter>Resource Files</Filter>
    </None>
    <None Include="Resources\rightHand.jpg">
      <Filter>Resource Files</Filter>
    </None>
  </ItemGroup>
</Project>